
Microsoft Visual Studio Solution File, Format Version 11.00
# Visual Studio 2010
Project("{8BC9CEB8-8B4A-11D0-8D11-00A0C91BC942}") = "Anti-Debug1", "Anti-Debug1\Anti-Debug1.vcxproj", "{C84ED82E-D5B5-4724-AD9E-3C8AEE14F5C5}"
EndProject
Global
	GlobalSection(SolutionConfigurationPlatforms) = preSolution
		Debug|Win32 = Debug|Win32
		Release|Win32 = Release|Win32
	EndGlobalSection
	GlobalSection(ProjectConfigurationPlatforms) = postSolution
		{C84ED82E-D5B5-4724-AD9E-3C8AEE14F5C5}.Debug|Win32.ActiveCfg = Debug|Win32
		{C84ED82E-D5B5-4724-AD9E-3C8AEE14F5C5}.Debug|Win32.Build.0 = Debug|Win32
		{C84ED82E-D5B5-4724-AD9E-3C8AEE14F5C5}.Release|Win32.ActiveCfg = Release|Win32
		{C84ED82E-D5B5-4724-AD9E-3C8AEE14F5C5}.Release|Win32.Build.0 = Release|Win32
	EndGlobalSection
	GlobalSection(SolutionProperties) = preSolution
		HideSolutionNode = FALSE
	EndGlobalSection
EndGlobal
